
Microsoft Visual Studio Solution File, Format Version 12.00
# Visual Studio Version 17
VisualStudioVersion = 17.9.34902.65
MinimumVisualStudioVersion = 10.0.40219.1
Project("{9A19103F-16F7-4668-BE54-9A1E7A4F7556}") = "HostingAndDeployment", "HostingAndDeployment.csproj", "{440DA2C2-ACAA-49A0-9683-0CF209F8F3EF}"
EndProject
Global
	GlobalSection(SolutionConfigurationPlatforms) = preSolution
		Debug|Any CPU = Debug|Any CPU
		Release|Any CPU = Release|Any CPU
	EndGlobalSection
	GlobalSection(ProjectConfigurationPlatforms) = postSolution
		{440DA2C2-ACAA-49A0-9683-0CF209F8F3EF}.Debug|Any CPU.ActiveCfg = Debug|Any CPU
		{440DA2C2-ACAA-49A0-9683-0CF209F8F3EF}.Debug|Any CPU.Build.0 = Debug|Any CPU
		{440DA2C2-ACAA-49A0-9683-0CF209F8F3EF}.Release|Any CPU.ActiveCfg = Release|Any CPU
		{440DA2C2-ACAA-49A0-9683-0CF209F8F3EF}.Release|Any CPU.Build.0 = Release|Any CPU
	EndGlobalSection
	GlobalSection(SolutionProperties) = preSolution
		HideSolutionNode = FALSE
	EndGlobalSection
	GlobalSection(ExtensibilityGlobals) = postSolution
		SolutionGuid = {ECBE2B80-091D-4966-A0D6-435472A435D4}
	EndGlobalSection
EndGlobal
